Microsoft Visual Studio Solution File, Format Version 12.00
# Visual Studio 2013
VisualStudioVersion = 12.0.21005.1
MinimumVisualStudioVersion = 10.0.40219.1
Project("{002A2DE9-8BB6-484D-9802-7E4AD4084715}") = "rss-client", ".dub\rss-client.visualdproj", "{880960DC-D329-4631-8CD0-85F2D8861FC0}"
	ProjectSection(ProjectDependencies) = postProject
		{B373B1C5-F9DC-46BD-ADAA-F28C29A4924E} = {B373B1C5-F9DC-46BD-ADAA-F28C29A4924E}
		{AE42BFE9-4051-4D9A-A1DE-06EE699321F6} = {AE42BFE9-4051-4D9A-A1DE-06EE699321F6}
		{F4020166-E227-4743-AA8C-9BFA5CE22EB5} = {F4020166-E227-4743-AA8C-9BFA5CE22EB5}
		{C9C5927F-0556-45AA-81B0-1D8A4B94564B} = {C9C5927F-0556-45AA-81B0-1D8A4B94564B}
		{E8E9F5A1-AE3A-4302-BF3E-D2C07A15675B} = {E8E9F5A1-AE3A-4302-BF3E-D2C07A15675B}
		{CD4B3C31-7186-49F0-A225-27BEB2D3A7B9} = {CD4B3C31-7186-49F0-A225-27BEB2D3A7B9}
		{2E00AE11-CFFD-4553-A124-2D1113D9E0BA} = {2E00AE11-CFFD-4553-A124-2D1113D9E0BA}
		{E524FDCE-C3EC-4963-8562-C2771B59392E} = {E524FDCE-C3EC-4963-8562-C2771B59392E}
		{2FEA9EC6-FCAD-4B2A-816E-B0241DE86D6A} = {2FEA9EC6-FCAD-4B2A-816E-B0241DE86D6A}
		{7E13EFC9-8B3F-4C19-B889-B4CE2D127448} = {7E13EFC9-8B3F-4C19-B889-B4CE2D127448}
		{3A6187E0-FB21-403C-9E61-38AFEAB36E14} = {3A6187E0-FB21-403C-9E61-38AFEAB36E14}
		{1A76277B-0129-4A89-9BE5-30DB62D1F60A} = {1A76277B-0129-4A89-9BE5-30DB62D1F60A}
		{76520914-FCBB-4007-8CB6-3B529CFFAA46} = {76520914-FCBB-4007-8CB6-3B529CFFAA46}
		{703164FE-C364-4EC2-931A-57FFEAB55F60} = {703164FE-C364-4EC2-931A-57FFEAB55F60}
		{7DE46BD4-ADC7-432A-B4A2-9A3AE38B18E7} = {7DE46BD4-ADC7-432A-B4A2-9A3AE38B18E7}
	EndProjectSection
EndProject
Project("{002A2DE9-8BB6-484D-9802-7E4AD4084715}") = "jwt", ".dub\jwt.visualdproj", "{B373B1C5-F9DC-46BD-ADAA-F28C29A4924E}"
EndProject
Project("{002A2DE9-8BB6-484D-9802-7E4AD4084715}") = "static-sql", ".dub\static-sql.visualdproj", "{AE42BFE9-4051-4D9A-A1DE-06EE699321F6}"
EndProject
Project("{002A2DE9-8BB6-484D-9802-7E4AD4084715}") = "mysql-lited", ".dub\mysql-lited.visualdproj", "{F4020166-E227-4743-AA8C-9BFA5CE22EB5}"
EndProject
Project("{002A2DE9-8BB6-484D-9802-7E4AD4084715}") = "vibe-d", ".dub\vibe-d.visualdproj", "{C9C5927F-0556-45AA-81B0-1D8A4B94564B}"
EndProject
Project("{002A2DE9-8BB6-484D-9802-7E4AD4084715}") = "vibe-d_core", ".dub\vibe-d_core.visualdproj", "{76520914-FCBB-4007-8CB6-3B529CFFAA46}"
EndProject
Project("{002A2DE9-8BB6-484D-9802-7E4AD4084715}") = "vibe-d_data", ".dub\vibe-d_data.visualdproj", "{703164FE-C364-4EC2-931A-57FFEAB55F60}"
EndProject
Project("{002A2DE9-8BB6-484D-9802-7E4AD4084715}") = "vibe-d_utils", ".dub\vibe-d_utils.visualdproj", "{7DE46BD4-ADC7-432A-B4A2-9A3AE38B18E7}"
EndProject
Project("{002A2DE9-8BB6-484D-9802-7E4AD4084715}") = "vibe-d_diet", ".dub\vibe-d_diet.visualdproj", "{7E13EFC9-8B3F-4C19-B889-B4CE2D127448}"
EndProject
Project("{002A2DE9-8BB6-484D-9802-7E4AD4084715}") = "vibe-d_http", ".dub\vibe-d_http.visualdproj", "{3A6187E0-FB21-403C-9E61-38AFEAB36E14}"
EndProject
Project("{002A2DE9-8BB6-484D-9802-7E4AD4084715}") = "diet-ng", ".dub\diet-ng.visualdproj", "{1A76277B-0129-4A89-9BE5-30DB62D1F60A}"
EndProject
Project("{002A2DE9-8BB6-484D-9802-7E4AD4084715}") = "vibe-d_mail", ".dub\vibe-d_mail.visualdproj", "{CD4B3C31-7186-49F0-A225-27BEB2D3A7B9}"
EndProject
Project("{002A2DE9-8BB6-484D-9802-7E4AD4084715}") = "vibe-d_mongodb", ".dub\vibe-d_mongodb.visualdproj", "{2E00AE11-CFFD-4553-A124-2D1113D9E0BA}"
EndProject
Project("{002A2DE9-8BB6-484D-9802-7E4AD4084715}") = "vibe-d_redis", ".dub\vibe-d_redis.visualdproj", "{E524FDCE-C3EC-4963-8562-C2771B59392E}"
EndProject
Project("{002A2DE9-8BB6-484D-9802-7E4AD4084715}") = "vibe-d_web", ".dub\vibe-d_web.visualdproj", "{2FEA9EC6-FCAD-4B2A-816E-B0241DE86D6A}"
EndProject
Project("{002A2DE9-8BB6-484D-9802-7E4AD4084715}") = "pegged", ".dub\pegged.visualdproj", "{E8E9F5A1-AE3A-4302-BF3E-D2C07A15675B}"
EndProject
Global
	GlobalSection(SolutionConfigurationPlatforms) = preSolution
		debug|Win32 = debug|Win32
		release|Win32 = release|Win32
	EndGlobalSection
	GlobalSection(ProjectConfigurationPlatforms) = postSolution
		{880960DC-D329-4631-8CD0-85F2D8861FC0}.debug|Win32.ActiveCfg = debug|Win32
		{880960DC-D329-4631-8CD0-85F2D8861FC0}.debug|Win32.Build.0 = debug|Win32
		{880960DC-D329-4631-8CD0-85F2D8861FC0}.release|Win32.ActiveCfg = release|Win32
		{880960DC-D329-4631-8CD0-85F2D8861FC0}.release|Win32.Build.0 = release|Win32
		{B373B1C5-F9DC-46BD-ADAA-F28C29A4924E}.debug|Win32.ActiveCfg = debug|Win32
		{B373B1C5-F9DC-46BD-ADAA-F28C29A4924E}.debug|Win32.Build.0 = debug|Win32
		{B373B1C5-F9DC-46BD-ADAA-F28C29A4924E}.release|Win32.ActiveCfg = release|Win32
		{B373B1C5-F9DC-46BD-ADAA-F28C29A4924E}.release|Win32.Build.0 = release|Win32
		{AE42BFE9-4051-4D9A-A1DE-06EE699321F6}.debug|Win32.ActiveCfg = debug|Win32
		{AE42BFE9-4051-4D9A-A1DE-06EE699321F6}.debug|Win32.Build.0 = debug|Win32
		{AE42BFE9-4051-4D9A-A1DE-06EE699321F6}.release|Win32.ActiveCfg = release|Win32
		{AE42BFE9-4051-4D9A-A1DE-06EE699321F6}.release|Win32.Build.0 = release|Win32
		{F4020166-E227-4743-AA8C-9BFA5CE22EB5}.debug|Win32.ActiveCfg = debug|Win32
		{F4020166-E227-4743-AA8C-9BFA5CE22EB5}.debug|Win32.Build.0 = debug|Win32
		{F4020166-E227-4743-AA8C-9BFA5CE22EB5}.release|Win32.ActiveCfg = release|Win32
		{F4020166-E227-4743-AA8C-9BFA5CE22EB5}.release|Win32.Build.0 = release|Win32
		{C9C5927F-0556-45AA-81B0-1D8A4B94564B}.debug|Win32.ActiveCfg = debug|Win32
		{C9C5927F-0556-45AA-81B0-1D8A4B94564B}.debug|Win32.Build.0 = debug|Win32
		{C9C5927F-0556-45AA-81B0-1D8A4B94564B}.release|Win32.ActiveCfg = release|Win32
		{C9C5927F-0556-45AA-81B0-1D8A4B94564B}.release|Win32.Build.0 = release|Win32
		{76520914-FCBB-4007-8CB6-3B529CFFAA46}.debug|Win32.ActiveCfg = debug|Win32
		{76520914-FCBB-4007-8CB6-3B529CFFAA46}.debug|Win32.Build.0 = debug|Win32
		{76520914-FCBB-4007-8CB6-3B529CFFAA46}.release|Win32.ActiveCfg = release|Win32
		{76520914-FCBB-4007-8CB6-3B529CFFAA46}.release|Win32.Build.0 = release|Win32
		{703164FE-C364-4EC2-931A-57FFEAB55F60}.debug|Win32.ActiveCfg = debug|Win32
		{703164FE-C364-4EC2-931A-57FFEAB55F60}.debug|Win32.Build.0 = debug|Win32
		{703164FE-C364-4EC2-931A-57FFEAB55F60}.release|Win32.ActiveCfg = release|Win32
		{703164FE-C364-4EC2-931A-57FFEAB55F60}.release|Win32.Build.0 = release|Win32
		{7DE46BD4-ADC7-432A-B4A2-9A3AE38B18E7}.debug|Win32.ActiveCfg = debug|Win32
		{7DE46BD4-ADC7-432A-B4A2-9A3AE38B18E7}.debug|Win32.Build.0 = debug|Win32
		{7DE46BD4-ADC7-432A-B4A2-9A3AE38B18E7}.release|Win32.ActiveCfg = release|Win32
		{7DE46BD4-ADC7-432A-B4A2-9A3AE38B18E7}.release|Win32.Build.0 = release|Win32
		{7E13EFC9-8B3F-4C19-B889-B4CE2D127448}.debug|Win32.ActiveCfg = debug|Win32
		{7E13EFC9-8B3F-4C19-B889-B4CE2D127448}.debug|Win32.Build.0 = debug|Win32
		{7E13EFC9-8B3F-4C19-B889-B4CE2D127448}.release|Win32.ActiveCfg = release|Win32
		{7E13EFC9-8B3F-4C19-B889-B4CE2D127448}.release|Win32.Build.0 = release|Win32
		{3A6187E0-FB21-403C-9E61-38AFEAB36E14}.debug|Win32.ActiveCfg = debug|Win32
		{3A6187E0-FB21-403C-9E61-38AFEAB36E14}.debug|Win32.Build.0 = debug|Win32
		{3A6187E0-FB21-403C-9E61-38AFEAB36E14}.release|Win32.ActiveCfg = release|Win32
		{3A6187E0-FB21-403C-9E61-38AFEAB36E14}.release|Win32.Build.0 = release|Win32
		{1A76277B-0129-4A89-9BE5-30DB62D1F60A}.debug|Win32.ActiveCfg = debug|Win32
		{1A76277B-0129-4A89-9BE5-30DB62D1F60A}.debug|Win32.Build.0 = debug|Win32
		{1A76277B-0129-4A89-9BE5-30DB62D1F60A}.release|Win32.ActiveCfg = release|Win32
		{1A76277B-0129-4A89-9BE5-30DB62D1F60A}.release|Win32.Build.0 = release|Win32
		{CD4B3C31-7186-49F0-A225-27BEB2D3A7B9}.debug|Win32.ActiveCfg = debug|Win32
		{CD4B3C31-7186-49F0-A225-27BEB2D3A7B9}.debug|Win32.Build.0 = debug|Win32
		{CD4B3C31-7186-49F0-A225-27BEB2D3A7B9}.release|Win32.ActiveCfg = release|Win32
		{CD4B3C31-7186-49F0-A225-27BEB2D3A7B9}.release|Win32.Build.0 = release|Win32
		{2E00AE11-CFFD-4553-A124-2D1113D9E0BA}.debug|Win32.ActiveCfg = debug|Win32
		{2E00AE11-CFFD-4553-A124-2D1113D9E0BA}.debug|Win32.Build.0 = debug|Win32
		{2E00AE11-CFFD-4553-A124-2D1113D9E0BA}.release|Win32.ActiveCfg = release|Win32
		{2E00AE11-CFFD-4553-A124-2D1113D9E0BA}.release|Win32.Build.0 = release|Win32
		{E524FDCE-C3EC-4963-8562-C2771B59392E}.debug|Win32.ActiveCfg = debug|Win32
		{E524FDCE-C3EC-4963-8562-C2771B59392E}.debug|Win32.Build.0 = debug|Win32
		{E524FDCE-C3EC-4963-8562-C2771B59392E}.release|Win32.ActiveCfg = release|Win32
		{E524FDCE-C3EC-4963-8562-C2771B59392E}.release|Win32.Build.0 = release|Win32
		{2FEA9EC6-FCAD-4B2A-816E-B0241DE86D6A}.debug|Win32.ActiveCfg = debug|Win32
		{2FEA9EC6-FCAD-4B2A-816E-B0241DE86D6A}.debug|Win32.Build.0 = debug|Win32
		{2FEA9EC6-FCAD-4B2A-816E-B0241DE86D6A}.release|Win32.ActiveCfg = release|Win32
		{2FEA9EC6-FCAD-4B2A-816E-B0241DE86D6A}.release|Win32.Build.0 = release|Win32
		{E8E9F5A1-AE3A-4302-BF3E-D2C07A15675B}.debug|Win32.ActiveCfg = debug|Win32
		{E8E9F5A1-AE3A-4302-BF3E-D2C07A15675B}.debug|Win32.Build.0 = debug|Win32
		{E8E9F5A1-AE3A-4302-BF3E-D2C07A15675B}.release|Win32.ActiveCfg = release|Win32
		{E8E9F5A1-AE3A-4302-BF3E-D2C07A15675B}.release|Win32.Build.0 = release|Win32
	EndGlobalSection
	GlobalSection(SolutionProperties) = preSolution
		HideSolutionNode = FALSE
	EndGlobalSection
EndGlobal
